// !$*UTF8*$!
{
	archiveVersion = 1;
	classes = {
	};
	objectVersion = 50;
	objects = {

/* Begin PBXBuildFile section */
		337CC47924EEE66F00A3E355 /* AppDelegate.swift in Sources */ = {isa = PBXBuildFile; fileRef = 337CC47824EEE66F00A3E355 /* AppDelegate.swift */; };
		337CC47B24EEE66F00A3E355 /* SceneDelegate.swift in Sources */ = {isa = PBXBuildFile; fileRef = 337CC47A24EEE66F00A3E355 /* SceneDelegate.swift */; };
		337CC47D24EEE66F00A3E355 /* ViewController.swift in Sources */ = {isa = PBXBuildFile; fileRef = 337CC47C24EEE66F00A3E355 /* ViewController.swift */; };
		337CC48024EEE66F00A3E355 /* Main.storyboard in Resources */ = {isa = PBXBuildFile; fileRef = 337CC47E24EEE66F00A3E355 /* Main.storyboard */; };
		337CC48224EEE67500A3E355 /* Assets.xcassets in Resources */ = {isa = PBXBuildFile; fileRef = 337CC48124EEE67500A3E355 /* Assets.xcassets */; };
		337CC48524EEE67500A3E355 /* LaunchScreen.storyboard in Resources */ = {isa = PBXBuildFile; fileRef = 337CC48324EEE67500A3E355 /* LaunchScreen.storyboard */; };
/* End PBXBuildFile section */

/* Begin PBXFileReference section */
		337CC47524EEE66F00A3E355 /* UIViewTransitions.app */ = {isa = PBXFileReference; explicitFileType = wrapper.application; includeInIndex = 0; path = UIViewTransitions.app; sourceTree = BUILT_PRODUCTS_DIR; };
		337CC47824EEE66F00A3E355 /* AppDelegate.swift */ = {isa = PBXFileReference; lastKnownFileType = sourcecode.swift; path = AppDelegate.swift; sourceTree = "<group>"; };
		337CC47A24EEE66F00A3E355 /* SceneDelegate.swift */ = {isa = PBXFileReference; lastKnownFileType = sourcecode.swift; path = SceneDelegate.swift; sourceTree = "<group>"; };
		337CC47C24EEE66F00A3E355 /* ViewController.swift */ = {isa = PBXFileReference; lastKnownFileType = sourcecode.swift; path = ViewController.swift; sourceTree = "<group>"; };
		337CC47F24EEE66F00A3E355 /* Base */ = {isa = PBXFileReference; lastKnownFileType = file.storyboard; name = Base; path = Base.lproj/Main.storyboard; sourceTree = "<group>"; };
		337CC48124EEE67500A3E355 /* Assets.xcassets */ = {isa = PBXFileReference; lastKnownFileType = folder.assetcatalog; path = Assets.xcassets; sourceTree = "<group>"; };
		337CC48424EEE67500A3E355 /* Base */ = {isa = PBXFileReference; lastKnownFileType = file.storyboard; name = Base; path = Base.lproj/LaunchScreen.storyboard; sourceTree = "<group>"; };
		337CC48624EEE67500A3E355 /* Info.plist */ = {isa = PBXFileReference; lastKnownFileType = text.plist.xml; path = Info.plist; sourceTree = "<group>"; };
/* End PBXFileReference section */

/* Begin PBXFrameworksBuildPhase section */
		337CC47224EEE66F00A3E355 /* Frameworks */ = {
			isa = PBXFrameworksBuildPhase;
			buildActionMask = 2147483647;
			files = (
			);
			runOnlyForDeploymentPostprocessing = 0;
		};
/* End PBXFrameworksBuildPhase section */

/* Begin PBXGroup section */
		337CC46C24EEE66F00A3E355 = {
			isa = PBXGroup;
			children = (
				337CC47724EEE66F00A3E355 /* UIViewTransitions */,
				337CC47624EEE66F00A3E355 /* Products */,
			);
			sourceTree = "<group>";
		};
		337CC47624EEE66F00A3E355 /* Products */ = {
			isa = PBXGroup;
			children = (
				337CC47524EEE66F00A3E355 /* UIViewTransitions.app */,
			);
			name = Products;
			sourceTree = "<group>";
		};
		337CC47724EEE66F00A3E355 /* UIViewTransitions */ = {
			isa = PBXGroup;
			children = (
				337CC47824EEE66F00A3E355 /* AppDelegate.swift */,
				337CC47A24EEE66F00A3E355 /* SceneDelegate.swift */,
				337CC47C24EEE66F00A3E355 /* ViewController.swift */,
				337CC47E24EEE66F00A3E355 /* Main.storyboard */,
				337CC48124EEE67500A3E355 /* Assets.xcassets */,
				337CC48324EEE67500A3E355 /* LaunchScreen.storyboard */,
				337CC48624EEE67500A3E355 /* Info.plist */,
			);
			path = UIViewTransitions;
			sourceTree = "<group>";
		};
/* End PBXGroup section */

/* Begin PBXNativeTarget section */
		337CC47424EEE66F00A3E355 /* UIViewTransitions */ = {
			isa = PBXNativeTarget;
			buildConfigurationList = 337CC48924EEE67500A3E355 /* Build configuration list for PBXNativeTarget "UIViewTransitions" */;
			buildPhases = (
				337CC47124EEE66F00A3E355 /* Sources */,
				337CC47224EEE66F00A3E355 /* Frameworks */,
				337CC47324EEE66F00A3E355 /* Resources */,
			);
			buildRules = (
			);
			dependencies = (
			);
			name = UIViewTransitions;
			productName = UIViewTransitions;
			productReference = 337CC47524EEE66F00A3E355 /* UIViewTransitions.app */;
			productType = "com.apple.product-type.application";
		};
/* End PBXNativeTarget section */

/* Begin PBXProject section */
		337CC46D24EEE66F00A3E355 /* Project object */ = {
			isa = PBXProject;
			attributes = {
				LastSwiftUpdateCheck = 1140;
				LastUpgradeCheck = 1140;
				ORGANIZATIONNAME = "Vsevolod Honcharenko";
				TargetAttributes = {
					337CC47424EEE66F00A3E355 = {
						CreatedOnToolsVersion = 11.4.1;
					};
				};
			};
			buildConfigurationList = 337CC47024EEE66F00A3E355 /* Build configuration list for PBXProject "UIViewTransitions" */;
			compatibilityVersion = "Xcode 9.3";
			developmentRegion = en;
			hasScannedForEncodings = 0;
			knownRegions = (
				en,
				Base,
			);
			mainGroup = 337CC46C24EEE66F00A3E355;
			productRefGroup = 337CC47624EEE66F00A3E355 /* Products */;
			projectDirPath = "";
			projectRoot = "";
			targets = (
				337CC47424EEE66F00A3E355 /* UIViewTransitions */,
			);
		};
/* End PBXProject section */

/* Begin PBXResourcesBuildPhase section */
		337CC47324EEE66F00A3E355 /* Resources */ = {
			isa = PBXResourcesBuildPhase;
			buildActionMask = 2147483647;
			files = (
				337CC48524EEE67500A3E355 /* LaunchScreen.storyboard in Resources */,
				337CC48224EEE67500A3E355 /* Assets.xcassets in Resources */,
				337CC48024EEE66F00A3E355 /* Main.storyboard in Resources */,
			);
			runOnlyForDeploymentPostprocessing = 0;
		};
/* End PBXResourcesBuildPhase section */

/* Begin PBXSourcesBuildPhase section */
		337CC47124EEE66F00A3E355 /* Sources */ = {
			isa = PBXSourcesBuildPhase;
			buildActionMask = 2147483647;
			files = (
				337CC47D24EEE66F00A3E355 /* ViewController.swift in Sources */,
				337CC47924EEE66F00A3E355 /* AppDelegate.swift in Sources */,
				337CC47B24EEE66F00A3E355 /* SceneDelegate.swift in Sources */,
			);
			runOnlyForDeploymentPostprocessing = 0;
		};
/* End PBXSourcesBuildPhase section */

/* Begin PBXVariantGroup section */
		337CC47E24EEE66F00A3E355 /* Main.storyboard */ = {
			isa = PBXVariantGroup;
			children = (
				337CC47F24EEE66F00A3E355 /* Base */,
			);
			name = Main.storyboard;
			sourceTree = "<group>";
		};
		337CC48324EEE67500A3E355 /* LaunchScreen.storyboard */ = {
			isa = PBXVariantGroup;
			children = (
				337CC48424EEE67500A3E355 /* Base */,
			);
			name = LaunchScreen.storyboard;
			sourceTree = "<group>";
		};
/* End PBXVariantGroup section */

/* Begin XCBuildConfiguration section */
		337CC48724EEE67500A3E355 /* Debug */ = {
			isa = XCBuildConfiguration;
			buildSettings = {
				ALWAYS_SEARCH_USER_PATHS = NO;
				CLANG_ANALYZER_NONNULL = YES;
				CLANG_ANALYZER_NUMBER_OBJECT_CONVERSION = YES_AGGRESSIVE;
				CLANG_CXX_LANGUAGE_STANDARD = "gnu++14";
				CLANG_CXX_LIBRARY = "libc++";
				CLANG_ENABLE_MODULES = YES;
				CLANG_ENABLE_OBJC_ARC = YES;
				CLANG_ENABLE_OBJC_WEAK = YES;
				CLANG_WARN_BLOCK_CAPTURE_AUTORELEASING = YES;
				CLANG_WARN_BOOL_CONVERSION = YES;
				CLANG_WARN_COMMA = YES;
				CLANG_WARN_CONSTANT_CONVERSION = YES;
				CLANG_WARN_DEPRECATED_OBJC_IMPLEMENTATIONS = YES;
				CLANG_WARN_DIRECT_OBJC_ISA_USAGE = YES_ERROR;
				CLANG_WARN_DOCUMENTATION_COMMENTS = YES;
				CLANG_WARN_EMPTY_BODY = YES;
				CLANG_WARN_ENUM_CONVERSION = YES;
				CLANG_WARN_INFINITE_RECURSION = YES;
				CLANG_WARN_INT_CONVERSION = YES;
				CLANG_WARN_NON_LITERAL_NULL_CONVERSION = YES;
				CLANG_WARN_OBJC_IMPLICIT_RETAIN_SELF = YES;
				CLANG_WARN_OBJC_LITERAL_CONVERSION = YES;
				CLANG_WARN_OBJC_ROOT_CLASS = YES_ERROR;
				CLANG_WARN_RANGE_LOOP_ANALYSIS = YES;
				CLANG_WARN_STRICT_PROTOTYPES = YES;
				CLANG_WARN_SUSPICIOUS_MOVE = YES;
				CLANG_WARN_UNGUARDED_AVAILABILITY = YES_AGGRESSIVE;
				CLANG_WARN_UNREACHABLE_CODE = YES;
				CLANG_WARN__DUPLICATE_METHOD_MATCH = YES;
				COPY_PHASE_STRIP = NO;
				DEBUG_INFORMATION_FORMAT = dwarf;
				ENABLE_STRICT_OBJC_MSGSEND = YES;
				ENABLE_TESTABILITY = YES;
				GCC_C_LANGUAGE_STANDARD = gnu11;
				GCC_DYNAMIC_NO_PIC = NO;
				GCC_NO_COMMON_BLOCKS = YES;
				GCC_OPTIMIZATION_LEVEL = 0;
				GCC_PREPROCESSOR_DEFINITIONS = (
					"DEBUG=1",
					"$(inherited)",
				);
				GCC_WARN_64_TO_32_BIT_CONVERSION = YES;
				GCC_WARN_ABOUT_RETURN_TYPE = YES_ERROR;
				GCC_WARN_UNDECLARED_SELECTOR = YES;
				GCC_WARN_UNINITIALIZED_AUTOS = YES_AGGRESSIVE;
				GCC_WARN_UNUSED_FUNCTION = YES;
				GCC_WARN_UNUSED_VARIABLE = YES;
				IPHONEOS_DEPLOYMENT_TARGET = 13.4;
				MTL_ENABLE_DEBUG_INFO = INCLUDE_SOURCE;
				MTL_FAST_MATH = YES;
				ONLY_ACTIVE_ARCH = YES;
				SDKROOT = iphoneos;
				SWIFT_ACTIVE_COMPILATION_CONDITIONS = DEBUG;
				SWIFT_OPTIMIZATION_LEVEL = "-Onone";
			};
			name = Debug;
		};
		337CC48824EEE67500A3E355 /* Release */ = {
			isa = XCBuildConfiguration;
			buildSettings = {
				ALWAYS_SEARCH_USER_PATHS = NO;
				CLANG_ANALYZER_NONNULL = YES;
				CLANG_ANALYZER_NUMBER_OBJECT_CONVERSION = YES_AGGRESSIVE;
				CLANG_CXX_LANGUAGE_STANDARD = "gnu++14";
				CLANG_CXX_LIBRARY = "libc++";
				CLANG_ENABLE_MODULES = YES;
				CLANG_ENABLE_OBJC_ARC = YES;
				CLANG_ENABLE_OBJC_WEAK = YES;
				CLANG_WARN_BLOCK_CAPTURE_AUTORELEASING = YES;
				CLANG_WARN_BOOL_CONVERSION = YES;
				CLANG_WARN_COMMA = YES;
				CLANG_WARN_CONSTANT_CONVERSION = YES;
				CLANG_WARN_DEPRECATED_OBJC_IMPLEMENTATIONS = YES;
				CLANG_WARN_DIRECT_OBJC_ISA_USAGE = YES_ERROR;
				CLANG_WARN_DOCUMENTATION_COMMENTS = YES;
				CLANG_WARN_EMPTY_BODY = YES;
				CLANG_WARN_ENUM_CONVERSION = YES;
				CLANG_WARN_INFINITE_RECURSION = YES;
				CLANG_WARN_INT_CONVERSION = YES;
				CLANG_WARN_NON_LITERAL_NULL_CONVERSION = YES;
				CLANG_WARN_OBJC_IMPLICIT_RETAIN_SELF = YES;
				CLANG_WARN_OBJC_LITERAL_CONVERSION = YES;
				CLANG_WARN_OBJC_ROOT_CLASS = YES_ERROR;
				CLANG_WARN_RANGE_LOOP_ANALYSIS = YES;
				CLANG_WARN_STRICT_PROTOTYPES = YES;
				CLANG_WARN_SUSPICIOUS_MOVE = YES;
				CLANG_WARN_UNGUARDED_AVAILABILITY = YES_AGGRESSIVE;
				CLANG_WARN_UNREACHABLE_CODE = YES;
				CLANG_WARN__DUPLICATE_METHOD_MATCH = YES;
				COPY_PHASE_STRIP = NO;
				DEBUG_INFORMATION_FORMAT = "dwarf-with-dsym";
				ENABLE_NS_ASSERTIONS = NO;
				ENABLE_STRICT_OBJC_MSGSEND = YES;
				GCC_C_LANGUAGE_STANDARD = gnu11;
				GCC_NO_COMMON_BLOCKS = YES;
				GCC_WARN_64_TO_32_BIT_CONVERSION = YES;
				GCC_WARN_ABOUT_RETURN_TYPE = YES_ERROR;
				GCC_WARN_UNDECLARED_SELECTOR = YES;
				GCC_WARN_UNINITIALIZED_AUTOS = YES_AGGRESSIVE;
				GCC_WARN_UNUSED_FUNCTION = YES;
				GCC_WARN_UNUSED_VARIABLE = YES;
				IPHONEOS_DEPLOYMENT_TARGET = 13.4;
				MTL_ENABLE_DEBUG_INFO = NO;
				MTL_FAST_MATH = YES;
				SDKROOT = iphoneos;
				SWIFT_COMPILATION_MODE = wholemodule;
				SWIFT_OPTIMIZATION_LEVEL = "-O";
				VALIDATE_PRODUCT = YES;
			};
			name = Release;
		};
		337CC48A24EEE67500A3E355 /* Debug */ = {
			isa = XCBuildConfiguration;
			buildSettings = {
				ASSETCATALOG_COMPILER_APPICON_NAME = AppIcon;
				CODE_SIGN_STYLE = Automatic;
				DEVELOPMENT_TEAM = 3ZS9WT9AB7;
				INFOPLIST_FILE = UIViewTransitions/Info.plist;
				LD_RUNPATH_SEARCH_PATHS = (
					"$(inherited)",
					"@executable_path/Frameworks",
				);
				PRODUCT_BUNDLE_IDENTIFIER = com.vsevolod.UIViewTransitions;
				PRODUCT_NAME = "$(TARGET_NAME)";
				SWIFT_VERSION = 5.0;
				TARGETED_DEVICE_FAMILY = "1,2";
			};
			name = Debug;
		};
		337CC48B24EEE67500A3E355 /* Release */ = {
			isa = XCBuildConfiguration;
			buildSettings = {
				ASSETCATALOG_COMPILER_APPICON_NAME = AppIcon;
				CODE_SIGN_STYLE = Automatic;
				DEVELOPMENT_TEAM = 3ZS9WT9AB7;
				INFOPLIST_FILE = UIViewTransitions/Info.plist;
				LD_RUNPATH_SEARCH_PATHS = (
					"$(inherited)",
					"@executable_path/Frameworks",
				);
				PRODUCT_BUNDLE_IDENTIFIER = com.vsevolod.UIViewTransitions;
				PRODUCT_NAME = "$(TARGET_NAME)";
				SWIFT_VERSION = 5.0;
				TARGETED_DEVICE_FAMILY = "1,2";
			};
			name = Release;
		};
/* End XCBuildConfiguration section */

/* Begin XCConfigurationList section */
		337CC47024EEE66F00A3E355 /* Build configuration list for PBXProject "UIViewTransitions" */ = {
			isa = XCConfigurationList;
			buildConfigurations = (
				337CC48724EEE67500A3E355 /* Debug */,
				337CC48824EEE67500A3E355 /* Release */,
			);
			defaultConfigurationIsVisible = 0;
			defaultConfigurationName = Release;
		};
		337CC48924EEE67500A3E355 /* Build configuration list for PBXNativeTarget "UIViewTransitions" */ = {
			isa = XCConfigurationList;
			buildConfigurations = (
				337CC48A24EEE67500A3E355 /* Debug */,
				337CC48B24EEE67500A3E355 /* Release */,
			);
			defaultConfigurationIsVisible = 0;
			defaultConfigurationName = Release;
		};
/* End XCConfigurationList section */
	};
	rootObject = 337CC46D24EEE66F00A3E355 /* Project object */;
}
